
Microsoft Visual Studio Solution File, Format Version 12.00
# Visual Studio Version 16
VisualStudioVersion = 16.0.30717.126
MinimumVisualStudioVersion = 10.0.40219.1
Project("{8BC9CEB8-8B4A-11D0-8D11-00A0C91BC942}") = "Stack", "Stack\Stack.vcxproj", "{2C3F406D-449A-4A67-A877-0F333E0011EA}"
EndProject
Global
	GlobalSection(SolutionConfigurationPlatforms) = preSolution
		Debug|x64 = Debug|x64
		Debug|x86 = Debug|x86
		Release|x64 = Release|x64
		Release|x86 = Release|x86
	EndGlobalSection
	GlobalSection(ProjectConfigurationPlatforms) = postSolution
		{2C3F406D-449A-4A67-A877-0F333E0011EA}.Debug|x64.ActiveCfg = Debug|x64
		{2C3F406D-449A-4A67-A877-0F333E0011EA}.Debug|x64.Build.0 = Debug|x64
		{2C3F406D-449A-4A67-A877-0F333E0011EA}.Debug|x86.ActiveCfg = Debug|Win32
		{2C3F406D-449A-4A67-A877-0F333E0011EA}.Debug|x86.Build.0 = Debug|Win32
		{2C3F406D-449A-4A67-A877-0F333E0011EA}.Release|x64.ActiveCfg = Release|x64
		{2C3F406D-449A-4A67-A877-0F333E0011EA}.Release|x64.Build.0 = Release|x64
		{2C3F406D-449A-4A67-A877-0F333E0011EA}.Release|x86.ActiveCfg = Release|Win32
		{2C3F406D-449A-4A67-A877-0F333E0011EA}.Release|x86.Build.0 = Release|Win32
	EndGlobalSection
	GlobalSection(SolutionProperties) = preSolution
		HideSolutionNode = FALSE
	EndGlobalSection
	GlobalSection(ExtensibilityGlobals) = postSolution
		SolutionGuid = {75DCCC17-F561-4E67-A5B8-1C55F085076F}
	EndGlobalSection
EndGlobal
